lockfileVersion: 5.4

importers:
  .:
    specifiers:
      '@tarojs/taro': ^3.4.9
      '@types/node': ^16.11.11
      '@types/react': ^17.0.38
      '@types/react-native': ^0.66.11
      '@types/semver': ^7.3.9
      '@types/styled-components': ^5.1.19
      husky: ^7.0.4
      prettier: 2.5.1
      pretty-quick: 3.1.3
      typescript: ^4.5.4
    devDependencies:
      '@tarojs/taro': 3.4.9
      '@types/node': 16.11.34
      '@types/react': 17.0.45
      '@types/react-native': 0.66.18
      '@types/semver': 7.3.9
      '@types/styled-components': 5.1.25
      husky: 7.0.4
      prettier: 2.5.1
      pretty-quick: 3.1.3_prettier@2.5.1
      typescript: 4.6.4

  packages/mrm-task-laravel:
    specifiers:
      kleur: ^4.1.4
      mrm-core: ^6.1.7
      semver: ^7.3.5
    dependencies:
      kleur: 4.1.4
      mrm-core: 6.1.7
      semver: 7.3.7

  packages/mrm-task-next:
    specifiers:
      mrm-core: ^6.1.7
    dependencies:
      mrm-core: 6.1.7

  packages/mrm-task-pkg:
    specifiers:
      kleur: ^4.1.4
      mrm-core: ^6.1.7
      semver: ^7.3.5
    dependencies:
      kleur: 4.1.4
      mrm-core: 6.1.7
      semver: 7.3.7

  packages/mrm-task-react-native:
    specifiers:
      mrm-core: ^6.1.7
    dependencies:
      mrm-core: 6.1.7

  packages/mrm-task-serve:
    specifiers:
      mrm-core: ^6.1.7
    dependencies:
      mrm-core: 6.1.7

  packages/mrm-task-taro:
    specifiers:
      fast-files: ^1.0.9
      kleur: ^4.1.4
      mrm-core: ^6.1.7
      semver: ^7.3.5
    dependencies:
      fast-files: 1.0.9
      kleur: 4.1.4
      mrm-core: 6.1.7
      semver: 7.3.7

  packages/mrm-task-umi:
    specifiers:
      kleur: ^4.1.4
      mrm-core: ^6.1.7
      semver: ^7.3.5
    dependencies:
      kleur: 4.1.4
      mrm-core: 6.1.7
      semver: 7.3.7

  packages/mrm-task-umi3:
    specifiers:
      kleur: ^4.1.4
      mrm-core: ^6.1.7
      semver: ^7.3.5
    dependencies:
      kleur: 4.1.4
      mrm-core: 6.1.7
      semver: 7.3.7

packages:
  /@babel/helper-validator-identifier/7.16.7:
    resolution:
      {
        integrity: sha512-hsEnFemeiW4D08A5gUAZxLBTXpZ39P+a+DGDsHw1yxqyQ/jzFEnxf5uTEGp+3bzAbNOxU1paTgYS4ECU/IgfDw==,
      }
    engines: { node: '>=6.9.0' }
    dev: false

  /@babel/parser/7.17.10:
    resolution:
      {
        integrity: sha512-n2Q6i+fnJqzOaq2VkdXxy2TCPCWQZHiCo0XqmrCvDWcZQKRyZzYi4Z0yxlBuN0w+r2ZHmre+Q087DSrw3pbJDQ==,
      }
    engines: { node: '>=6.0.0' }
    hasBin: true
    dependencies:
      '@babel/types': 7.17.10
    dev: false

  /@babel/runtime/7.17.9:
    resolution:
      {
        integrity: sha512-lSiBBvodq29uShpWGNbgFdKYNiFDo5/HIYsaCEY9ff4sb10x9jizo2+pRrSyF4jKZCXqgzuqBOQKbUm90gQwJg==,
      }
    engines: { node: '>=6.9.0' }
    dependencies:
      regenerator-runtime: 0.13.9
    dev: true

  /@babel/types/7.17.10:
    resolution:
      {
        integrity: sha512-9O26jG0mBYfGkUYCYZRnBwbVLd1UZOICEr2Em6InB6jVfsAv1GKgwXHmrSg+WFWDmeKTA6vyTZiN8tCSM5Oo3A==,
      }
    engines: { node: '>=6.9.0' }
    dependencies:
      '@babel/helper-validator-identifier': 7.16.7
      to-fast-properties: 2.0.0
    dev: false

  /@tarojs/api/3.4.9:
    resolution:
      {
        integrity: sha512-XCKI4aHduEKdoqtlEi7aQ7cOlXTkVik6i4sNA9c//AolXH/IXmcG4dfeKf99McIgTA30jiGuKLNDepvjDoxhXA==,
      }
    dependencies:
      '@babel/runtime': 7.17.9
      '@tarojs/runtime': 3.4.9
    dev: true

  /@tarojs/router/3.4.9:
    resolution:
      {
        integrity: sha512-RHQoMKpa3FmsNCkJ+CS1mHj5YPs1YrE8eQNUvRT2ouE+BUOFBtOQDMdqcBcsEvNVxbbHi2CP1gSwgBuzTlveFQ==,
      }
    dependencies:
      '@tarojs/runtime': 3.4.9
      '@tarojs/taro': 3.4.9
      history: 5.3.0
      query-string: 7.1.1
      universal-router: 8.3.0
    dev: true

  /@tarojs/runtime/3.4.9:
    resolution:
      {
        integrity: sha512-2MBXU6A+jCZMgSlwM/Ac77WNslBKPcJw1ww+zBc5c03PzI5eGqwwjuvFBkKy83cos7LN/myILoxEXT6MrGBkcg==,
      }
    dependencies:
      '@tarojs/shared': 3.4.9
      inversify: 5.1.1
      lodash-es: 4.17.15
      reflect-metadata: 0.1.13
    dev: true

  /@tarojs/shared/3.4.9:
    resolution:
      {
        integrity: sha512-UfatG2w1tJSomoFgTkg4U8cdO4RzpXjs4SUOwyUShSyhI/IeursJYlXDWjc236GGmwQBlG7OWvbA8VIwR5ESdw==,
      }
    dev: true

  /@tarojs/taro-h5/3.4.9:
    resolution:
      {
        integrity: sha512-Pk0pZ2kneY91RbEGgUXg8OkGPKI35O5Je7tF/I2L1FRSt+HB1DStk9clGMrpJ+ue7loWWrQuhhAJkdJdNtDq7w==,
      }
    dependencies:
      '@tarojs/api': 3.4.9
      '@tarojs/router': 3.4.9
      '@tarojs/runtime': 3.4.9
      '@tarojs/taro': 3.4.9
      base64-js: 1.5.1
      jsonp-retry: 1.0.3
      mobile-detect: 1.4.5
      query-string: 7.1.1
      whatwg-fetch: 3.6.2
    dev: true

  /@tarojs/taro/3.4.9:
    resolution:
      {
        integrity: sha512-Sy0U7FdoEmKYDiSAu2QNjH0P9jM10tSSQsU50Wnbop3VdF0iHYXQVmSDfXofdOHag5AsAdhWgXMZPEvIb30AeA==,
      }
    dependencies:
      '@tarojs/api': 3.4.9
      '@tarojs/runtime': 3.4.9
      '@tarojs/taro-h5': 3.4.9
    dev: true

  /@types/hoist-non-react-statics/3.3.1:
    resolution:
      {
        integrity: sha512-iMIqiko6ooLrTh1joXodJK5X9xeEALT1kM5G3ZLhD3hszxBdIEd5C75U834D9mLcINgD4OyZf5uQXjkuYydWvA==,
      }
    dependencies:
      '@types/react': 17.0.45
      hoist-non-react-statics: 3.3.2
    dev: true

  /@types/minimatch/3.0.5:
    resolution:
      {
        integrity: sha512-Klz949h02Gz2uZCMGwDUSDS1YBlTdDDgbWHi+81l29tQALUtvz4rAYi5uoVhE5Lagoq6DeqAUlbrHvW/mXDgdQ==,
      }
    dev: true

  /@types/node/16.11.34:
    resolution:
      {
        integrity: sha512-UrWGDyLAlQ2Z8bNOGWTsqbP9ZcBeTYBVuTRNxXTztBy5KhWUFI3BaeDWoCP/CzV/EVGgO1NTYzv9ZytBI9GAEw==,
      }
    dev: true

  /@types/prop-types/15.7.5:
    resolution:
      {
        integrity: sha512-JCB8C6SnDoQf0cNycqd/35A7MjcnK+ZTqE7judS6o7utxUCg6imJg3QK2qzHKszlTjcj2cn+NwMB2i96ubpj7w==,
      }
    dev: true

  /@types/react-native/0.66.18:
    resolution:
      {
        integrity: sha512-a+xIlll1Wo4rhBPdoecH6VfvMgm8dcMScJgO5GSt+BB+7rMX/UOTWmfAV7BXx/x4okf2Tu6nSbEygnNYgNtp2A==,
      }
    dependencies:
      '@types/react': 17.0.45
    dev: true

  /@types/react/17.0.45:
    resolution:
      {
        integrity: sha512-YfhQ22Lah2e3CHPsb93tRwIGNiSwkuz1/blk4e6QrWS0jQzCSNbGLtOEYhPg02W0yGTTmpajp7dCTbBAMN3qsg==,
      }
    dependencies:
      '@types/prop-types': 15.7.5
      '@types/scheduler': 0.16.2
      csstype: 3.0.11
    dev: true

  /@types/scheduler/0.16.2:
    resolution:
      {
        integrity: sha512-hppQEBDmlwhFAXKJX2KnWLYu5yMfi91yazPb2l+lbJiwW+wdo1gNeRA+3RgNSO39WYX2euey41KEwnqesU2Jew==,
      }
    dev: true

  /@types/semver/7.3.9:
    resolution:
      {
        integrity: sha512-L/TMpyURfBkf+o/526Zb6kd/tchUP3iBDEPjqjb+U2MAJhVRxxrmr2fwpe08E7QsV7YLcpq0tUaQ9O9x97ZIxQ==,
      }
    dev: true

  /@types/styled-components/5.1.25:
    resolution:
      {
        integrity: sha512-fgwl+0Pa8pdkwXRoVPP9JbqF0Ivo9llnmsm+7TCI330kbPIFd9qv1Lrhr37shf4tnxCOSu+/IgqM7uJXLWZZNQ==,
      }
    dependencies:
      '@types/hoist-non-react-statics': 3.3.1
      '@types/react': 17.0.45
      csstype: 3.0.11
    dev: true

  /@vue/compiler-core/3.0.11:
    resolution:
      {
        integrity: sha512-6sFj6TBac1y2cWCvYCA8YzHJEbsVkX7zdRs/3yK/n1ilvRqcn983XvpBbnN3v4mZ1UiQycTvOiajJmOgN9EVgw==,
      }
    dependencies:
      '@babel/parser': 7.17.10
      '@babel/types': 7.17.10
      '@vue/shared': 3.0.11
      estree-walker: 2.0.2
      source-map: 0.6.1
    dev: false

  /@vue/compiler-dom/3.0.11:
    resolution:
      {
        integrity: sha512-+3xB50uGeY5Fv9eMKVJs2WSRULfgwaTJsy23OIltKgMrynnIj8hTYY2UL97HCoz78aDw1VDXdrBQ4qepWjnQcw==,
      }
    dependencies:
      '@vue/compiler-core': 3.0.11
      '@vue/shared': 3.0.11
    dev: false

  /@vue/compiler-ssr/3.0.11:
    resolution:
      {
        integrity: sha512-66yUGI8SGOpNvOcrQybRIhl2M03PJ+OrDPm78i7tvVln86MHTKhM3ERbALK26F7tXl0RkjX4sZpucCpiKs3MnA==,
      }
    dependencies:
      '@vue/compiler-dom': 3.0.11
      '@vue/shared': 3.0.11
    dev: false

  /@vue/shared/3.0.11:
    resolution:
      {
        integrity: sha512-b+zB8A2so8eCE0JsxjL24J7vdGl8rzPQ09hZNhystm+KqSbKcAej1A+Hbva1rCMmTTqA+hFnUSDc5kouEo0JzA==,
      }
    dev: false

  /ansi-regex/2.1.1:
    resolution: { integrity: sha1-w7M6te42DYbg5ijwRorn7yfWVN8= }
    engines: { node: '>=0.10.0' }
    dev: false

  /ansi-styles/2.2.1:
    resolution: { integrity: sha1-tDLdM1i2NM914eRmQ2gkBTPB3b4= }
    engines: { node: '>=0.10.0' }
    dev: false

  /ansi-styles/4.3.0:
    resolution:
      {
        integrity: sha512-zbB9rCJAT1rbjiVDb2hqKFHNYLxgtk8NURxZ3IZwD3F6NtxbXZQCnnSi1Lkx+IDohdPlFp222wVALIheZJQSEg==,
      }
    engines: { node: '>=8' }
    dependencies:
      color-convert: 2.0.1
    dev: true

  /array-differ/3.0.0:
    resolution:
      {
        integrity: sha512-THtfYS6KtME/yIAhKjZ2ul7XI96lQGHRputJQHO80LAWQnuGP4iCIN8vdMRboGbIEYBwU33q8Tch1os2+X0kMg==,
      }
    engines: { node: '>=8' }
    dev: true

  /array-union/2.1.0:
    resolution:
      {
        integrity: sha512-HGyxoOTYUyCM6stUe6EJgnd4EoewAI7zMdfqO+kGjnlZmBDz/cR5pf8r/cR4Wq60sL/p0IkcjUEEPwS3GFrIyw==,
      }
    engines: { node: '>=8' }
    dev: true

  /arrify/2.0.1:
    resolution:
      {
        integrity: sha512-3duEwti880xqi4eAMN8AyR4a0ByT90zoYdLlevfrvU43vb0YZwZVfxOgxWrLXXXpyugL0hNZc9G6BiB5B3nUug==,
      }
    engines: { node: '>=8' }
    dev: true

  /ast-types/0.13.3:
    resolution:
      {
        integrity: sha512-XTZ7xGML849LkQP86sWdQzfhwbt3YwIO6MqbX9mUNYY98VKaaVZP7YNNm70IpwecbkkxmfC5IYAzOQ/2p29zRA==,
      }
    engines: { node: '>=4' }
    dev: false

  /babel-code-frame/6.26.0:
    resolution: { integrity: sha1-Y/1D99weO7fONZR9uP42mj9Yx0s= }
    dependencies:
      chalk: 1.1.3
      esutils: 2.0.3
      js-tokens: 3.0.2
    dev: false

  /balanced-match/1.0.2:
    resolution:
      {
        integrity: sha512-3oSeUO0TMV67hN1AmbXsK4yaqU7tjiHlbxRDZOpH0KW9+CeX4bRAaX0Anxt0tx2MrpRpWwQaPwIlISEJhYU5Pw==,
      }

  /base64-js/1.5.1:
    resolution:
      {
        integrity: sha512-AKpaYlHn8t4SVbOHCy+b5+KKgvR4vrsD8vbvrbiQJps7fKDTkjkDry6ji0rUJjC0kzbNePLwzxq8iypo41qeWA==,
      }
    dev: true

  /big.js/5.2.2:
    resolution:
      {
        integrity: sha512-vyL2OymJxmarO8gxMr0mhChsO9QGwhynfuu4+MHTAW6czfq9humCB7rKpUjDd9YUiDPU4mzpyupFSvOClAwbmQ==,
      }
    dev: false

  /brace-expansion/1.1.11:
    resolution:
      {
        integrity: sha512-iCuPHDFgrHX7H2vEI/5xpz07zSHB00TpugqhmYtVmMO6518mCuRMoOYFldEBl0g187ufozdaHgWKcYFb61qGiA==,
      }
    dependencies:
      balanced-match: 1.0.2
      concat-map: 0.0.1

  /builtins/1.0.3:
    resolution: { integrity: sha1-y5T662HIaWRR2zZTThQi+U8K7og= }
    dev: false

  /chalk/1.1.3:
    resolution: { integrity: sha1-qBFcVeSnAv5NFQq9OHKCKn4J/Jg= }
    engines: { node: '>=0.10.0' }
    dependencies:
      ansi-styles: 2.2.1
      escape-string-regexp: 1.0.5
      has-ansi: 2.0.0
      strip-ansi: 3.0.1
      supports-color: 2.0.0
    dev: false

  /chalk/3.0.0:
    resolution:
      {
        integrity: sha512-4D3B6Wf41KOYRFdszmDqMCGq5VV/uMAB273JILmO+3jAlh8X4qDtdtgCR3fxtbLEMzSx22QdhnDcJvu2u1fVwg==,
      }
    engines: { node: '>=8' }
    dependencies:
      ansi-styles: 4.3.0
      supports-color: 7.2.0
    dev: true

  /color-convert/2.0.1:
    resolution:
      {
        integrity: sha512-RRECPsj7iu/xb5oKYcsFHSppFNnsj/52OVTRKb4zP5onXwVF3zVmmToNcOfGC+CRDpfK/U584fMg38ZHCaElKQ==,
      }
    engines: { node: '>=7.0.0' }
    dependencies:
      color-name: 1.1.4
    dev: true

  /color-name/1.1.4:
    resolution:
      {
        integrity: sha512-dOy+3AuW3a2wNbZHIuMZpTcgjGuLU/uBL/ubcZF9OXbDo8ff4O8yVp5Bf0efS8uEoYo5q4Fx7dY9OgQGXgAsQA==,
      }
    dev: true

  /colorette/1.4.0:
    resolution:
      {
        integrity: sha512-Y2oEozpomLn7Q3HFP7dpww7AtMJplbM9lGZP6RDfHqmbeRjiwRg4n6VM6j4KLmRke85uWEI7JqF17f3pqdRA0g==,
      }
    dev: false

  /commander/2.20.3:
    resolution:
      {
        integrity: sha512-GpVkmM8vF2vQUkj2LvZmD35JxeJOLCwJ9cUkugyk2nuhbv3+mJvpLYYt+0+USMxE+oj+ey/lJEnhZw75x/OMcQ==,
      }
    dev: false

  /comment-json/2.4.2:
    resolution:
      {
        integrity: sha512-T+iXox779qsqneMYx/x5BZyz4xjCeQRmuNVzz8tko7qZUs3MlzpA3RAs+O1XsgcKToNBMIvfVzafGOeiU7RggA==,
      }
    engines: { node: '>= 6' }
    dependencies:
      core-util-is: 1.0.3
      esprima: 4.0.1
      has-own-prop: 2.0.0
      repeat-string: 1.6.1
    dev: false

  /concat-map/0.0.1:
    resolution: { integrity: sha1-2Klr13/Wjfd5OnMDajug1UBdR3s= }

  /core-util-is/1.0.3:
    resolution:
      {
        integrity: sha512-ZQBvi1DcpJ4GDqanjucZ2Hj3wEO5pZDS89BWbkcrvdxksJorwUDDZamX9ldFkp9aw2lmBDLgkObEA4DWNJ9FYQ==,
      }
    dev: false

  /cross-spawn/7.0.3:
    resolution:
      {
        integrity: sha512-iRDPJKUPVEND7dHPO8rkbOnPpyDygcDFtWjpeWNCgy8WP2rXcxXL8TskReQl6OrB2G7+UJrags1q15Fudc7G6w==,
      }
    engines: { node: '>= 8' }
    dependencies:
      path-key: 3.1.1
      shebang-command: 2.0.0
      which: 2.0.2
    dev: true

  /cssesc/3.0.0:
    resolution:
      {
        integrity: sha512-/Tb/JcjK111nNScGob5MNtsntNM1aCNUDipB/TkwZFhyDrrE47SOx/18wF2bbjgc3ZzCSKW1T5nt5EbFoAz/Vg==,
      }
    engines: { node: '>=4' }
    hasBin: true
    dev: false

  /csstype/3.0.11:
    resolution:
      {
        integrity: sha512-sa6P2wJ+CAbgyy4KFssIb/JNMLxFvKF1pCYCSXS8ZMuqZnMsrxqI2E5sPyoTpxoPU/gVZMzr2zjOfg8GIZOMsw==,
      }
    dev: true

  /decode-uri-component/0.2.0:
    resolution: { integrity: sha1-6zkTMzRYd1y4TNGh+uBiEGu4dUU= }
    engines: { node: '>=0.10' }
    dev: true

  /deep-extend/0.6.0:
    resolution:
      {
        integrity: sha512-LOHxIOaPYdHlJRtCQfDIVZtfw/ufM8+rVj649RIHzcm/vGwQRXFt6OPqIFWsm2XEMrNIEtWR64sY1LEKD2vAOA==,
      }
    engines: { node: '>=4.0.0' }
    dev: false

  /detect-indent/6.1.0:
    resolution:
      {
        integrity: sha512-reYkTUJAZb9gUuZ2RvVCNhVHdg62RHnJ7WJl8ftMi4diZ6NWlciOzQN88pUhSELEwflJht4oQDv0F0BMlwaYtA==,
      }
    engines: { node: '>=8' }
    dev: false

  /editorconfig/0.15.3:
    resolution:
      {
        integrity: sha512-M9wIMFx96vq0R4F+gRpY3o2exzb8hEj/n9S8unZtHSvYjibBp/iMufSzvmOcV/laG0ZtuTVGtiJggPOSW2r93g==,
      }
    hasBin: true
    dependencies:
      commander: 2.20.3
      lru-cache: 4.1.5
      semver: 5.7.1
      sigmund: 1.0.1
    dev: false

  /emojis-list/3.0.0:
    resolution:
      {
        integrity: sha512-/kyM18EfinwXZbno9FyUGeFh87KC8HRQBQGildHZbEuRyWFOmv1U10o9BBp8XVZDVNNuQKyIGIu5ZYAAXJ0V2Q==,
      }
    engines: { node: '>= 4' }
    dev: false

  /end-of-stream/1.4.4:
    resolution:
      {
        integrity: sha512-+uw1inIHVPQoaVuHzRyXd21icM+cnt4CzD5rW+NC1wjOUSTOs+Te7FOv7AhN7vS9x/oIyhLP5PR1H+phQAHu5Q==,
      }
    dependencies:
      once: 1.4.0
    dev: true

  /escape-string-regexp/1.0.5:
    resolution: { integrity: sha1-G2HAViGQqN/2rjuyzwIAyhMLhtQ= }
    engines: { node: '>=0.8.0' }
    dev: false

  /esprima/4.0.1:
    resolution:
      {
        integrity: sha512-eGuFFw7Upda+g4p+QHvnW0RyTX/SVeJBDM/gCtMARO0cLuT2HcEKnTPvhjV6aGeqrCB/sbNop0Kszm0jsaWU4A==,
      }
    engines: { node: '>=4' }
    hasBin: true
    dev: false

  /estree-walker/2.0.2:
    resolution:
      {
        integrity: sha512-Rfkk/Mp/DL7JVje3u18FxFujQlTNR2q6QfMSMB7AvCBx91NGj/ba3kCfza0f6dVDbw7YlRf/nDrn7pQrCCyQ/w==,
      }
    dev: false

  /esutils/2.0.3:
    resolution:
      {
        integrity: sha512-kVscqXk4OCp68SZ0dkgEKVi6/8ij300KBWTJq32P/dYeWTSwK41WyTxalN1eRmA5Z9UU/LX9D7FWSmV9SAYx6g==,
      }
    engines: { node: '>=0.10.0' }
    dev: false

  /execa/4.1.0:
    resolution:
      {
        integrity: sha512-j5W0//W7f8UxAn8hXVnwG8tLwdiUy4FJLcSupCg6maBYZDpyBvTApK7KyuI4bKj8KOh1r2YH+6ucuYtJv1bTZA==,
      }
    engines: { node: '>=10' }
    dependencies:
      cross-spawn: 7.0.3
      get-stream: 5.2.0
      human-signals: 1.1.1
      is-stream: 2.0.1
      merge-stream: 2.0.0
      npm-run-path: 4.0.1
      onetime: 5.1.2
      signal-exit: 3.0.7
      strip-final-newline: 2.0.0
    dev: true

  /extend/3.0.2:
    resolution:
      {
        integrity: sha512-fjquC59cD7CyW6urNXK0FBufkZcoiGG80wTuPujX590cB5Ttln20E2UB4S/WARVqhXffZl2LNgS+gQdPIIim/g==,
      }
    dev: false

  /fast-files/1.0.9:
    resolution:
      {
        integrity: sha512-3IIOfsJexDoyztkU3eNLFG0adrkUDu3I7YkIvXlDXFxZRUQwMZSYGQMW8Kl0NokvhM5rm9pnU+JvSd30WTWJgQ==,
      }
    dependencies:
      fs-extra: 10.1.0
      gogocode: 0.2.29
      lodash: 4.17.21
    transitivePeerDependencies:
      - vue
    dev: false

  /filter-obj/1.1.0:
    resolution: { integrity: sha1-mzERErxsYSehbgFsbF1/GeCAXFs= }
    engines: { node: '>=0.10.0' }
    dev: true

  /find-up/4.1.0:
    resolution:
      {
        integrity: sha512-PpOwAdQ/YlXQ2vj8a3h8IipDuYRi3wceVQQGYWxNINccq40Anw7BlsEXCMbt1Zt+OLA6Fq9suIpIWD0OsnISlw==,
      }
    engines: { node: '>=8' }
    dependencies:
      locate-path: 5.0.0
      path-exists: 4.0.0

  /fs-extra/10.1.0:
    resolution:
      {
        integrity: sha512-oRXApq54ETRj4eMiFzGnHWGy+zo5raudjuxN0b8H7s/RU2oW0Wvsx9O0ACRN/kRq9E8Vu/ReskGB5o3ji+FzHQ==,
      }
    engines: { node: '>=12' }
    dependencies:
      graceful-fs: 4.2.10
      jsonfile: 6.1.0
      universalify: 2.0.0
    dev: false

  /fs-extra/8.1.0:
    resolution:
      {
        integrity: sha512-yhlQgA6mnOJUKOsRUFsgJdQCvkKhcz8tlZG5HBQfReYZy46OwLcY+Zia0mtdHsOo9y/hP+CxMN0TU9QxoOtG4g==,
      }
    engines: { node: '>=6 <7 || >=8' }
    dependencies:
      graceful-fs: 4.2.10
      jsonfile: 4.0.0
      universalify: 0.1.2
    dev: false

  /fs.realpath/1.0.0:
    resolution: { integrity: sha1-FQStJSMVjKpA20onh8sBQRmU6k8= }
    dev: false

  /generic-names/2.0.1:
    resolution:
      {
        integrity: sha512-kPCHWa1m9wGG/OwQpeweTwM/PYiQLrUIxXbt/P4Nic3LbGjCP0YwrALHW1uNLKZ0LIMg+RF+XRlj2ekT9ZlZAQ==,
      }
    dependencies:
      loader-utils: 1.4.0
    dev: false

  /get-stream/5.2.0:
    resolution:
      {
        integrity: sha512-nBF+F1rAZVCu/p7rjzgA+Yb4lfYXrpl7a6VmJrU8wF9I1CKvP/QwPNZHnOlwbTkY6dvtFIzFMSyQXbLoTQPRpA==,
      }
    engines: { node: '>=8' }
    dependencies:
      pump: 3.0.0
    dev: true

  /glob/7.2.0:
    resolution:
      {
        integrity: sha512-lmLf6gtyrPq8tTjSmrO94wBeQbFR3HbLHbuyD69wuyQkImp2hWqMGB47OX65FBkPffO641IP9jWa1z4ivqG26Q==,
      }
    dependencies:
      fs.realpath: 1.0.0
      inflight: 1.0.6
      inherits: 2.0.4
      minimatch: 3.1.2
      once: 1.4.0
      path-is-absolute: 1.0.1
    dev: false

  /gogocode/0.2.29:
    resolution:
      {
        integrity: sha512-l0A81cYa3drvkHb5dtNYW8ONiOQnZMHyALzs8HdMDvplSeZK9Krbxk/OcO7kk015omiw1kKsy8wTygveE0UdGw==,
      }
    dependencies:
      '@babel/parser': 7.17.10
      glob: 7.2.0
      hyntax-yx: 1.0.8
      indent-string: 4.0.0
      recast: 0.18.10
      vue3-browser-compiler-yx: 1.0.4
    transitivePeerDependencies:
      - vue
    dev: false

  /graceful-fs/4.2.10:
    resolution:
      {
        integrity: sha512-9ByhssR2fPVsNZj478qUUbKfmL0+t5BDVyjShtyZZLiK7ZDAArFFfopyOTj0M05wE2tJPisA4iTnnXl2YoPvOA==,
      }
    dev: false

  /has-ansi/2.0.0:
    resolution: { integrity: sha1-NPUEnOHs3ysGSa8+8k5F7TVBbZE= }
    engines: { node: '>=0.10.0' }
    dependencies:
      ansi-regex: 2.1.1
    dev: false

  /has-flag/4.0.0:
    resolution:
      {
        integrity: sha512-EykJT/Q1KjTWctppgIAgfSO0tKVuZUjhgMr17kqTumMl6Afv3EISleU7qZUzoXDFTAHTDC4NOoG/ZxU3EvlMPQ==,
      }
    engines: { node: '>=8' }
    dev: true

  /has-own-prop/2.0.0:
    resolution:
      {
        integrity: sha512-Pq0h+hvsVm6dDEa8x82GnLSYHOzNDt7f0ddFa3FqcQlgzEiptPqL+XrOJNavjOzSYiYWIrgeVYYgGlLmnxwilQ==,
      }
    engines: { node: '>=8' }
    dev: false

  /hash-sum/2.0.0:
    resolution:
      {
        integrity: sha512-WdZTbAByD+pHfl/g9QSsBIIwy8IT+EsPiKDs0KNX+zSHhdDLFKdZu0BQHljvO+0QI/BasbMSUa8wYNCZTvhslg==,
      }
    dev: false

  /history/5.3.0:
    resolution:
      {
        integrity: sha512-ZqaKwjjrAYUYfLG+htGaIIZ4nioX2L70ZUMIFysS3xvBsSG4x/n1V6TXV3N8ZYNuFGlDirFg32T7B6WOUPDYcQ==,
      }
    dependencies:
      '@babel/runtime': 7.17.9
    dev: true

  /hoist-non-react-statics/3.3.2:
    resolution:
      {
        integrity: sha512-/gGivxi8JPKWNm/W0jSmzcMPpfpPLc3dY/6GxhX2hQ9iGj3aDfklV4ET7NjKpSinLpJ5vafa9iiGIEZg10SfBw==,
      }
    dependencies:
      react-is: 16.13.1
    dev: true

  /human-signals/1.1.1:
    resolution:
      {
        integrity: sha512-SEQu7vl8KjNL2eoGBLF3+wAjpsNfA9XMlXAYj/3EdaNfAlxKthD1xjEQfGOUhllCGGJVNY34bRr6lPINhNjyZw==,
      }
    engines: { node: '>=8.12.0' }
    dev: true

  /husky/7.0.4:
    resolution:
      {
        integrity: sha512-vbaCKN2QLtP/vD4yvs6iz6hBEo6wkSzs8HpRah1Z6aGmF2KW5PdYuAd7uX5a+OyBZHBhd+TFLqgjUgytQr4RvQ==,
      }
    engines: { node: '>=12' }
    hasBin: true
    dev: true

  /hyntax-yx/1.0.8:
    resolution:
      {
        integrity: sha512-f95Dbi8UsCpvKbi7vV9j1VNQtTgZdP4DUBgwZjkq6b0tve8W61eeqDKOh++9gy2TJKJZLiqJuVDzLzZwNjBugQ==,
      }
    engines: { node: '>=6.11.1', npm: '>=5.3.0' }
    dev: false

  /icss-replace-symbols/1.1.0:
    resolution: { integrity: sha1-Bupvg2ead0njhs/h/oEq5dsiPe0= }
    dev: false

  /icss-utils/5.1.0_postcss@8.1.10:
    resolution:
      {
        integrity: sha512-soFhflCVWLfRNOPU3iv5Z9VUdT44xFRbzjLsEzSr5AQmgqPMTHdU3PMT1Cf1ssx8fLNJDA1juftYl+PUcv3MqA==,
      }
    engines: { node: ^10 || ^12 || >= 14 }
    peerDependencies:
      postcss: ^8.1.0
    dependencies:
      postcss: 8.1.10
    dev: false

  /ignore/5.2.0:
    resolution:
      {
        integrity: sha512-CmxgYGiEPCLhfLnpPp1MoRmifwEIOgjcHXxOBjv7mY96c+eWScsOP9c112ZyLdWHi0FxHjI+4uVhKYp/gcdRmQ==,
      }
    engines: { node: '>= 4' }
    dev: true

  /indent-string/4.0.0:
    resolution:
      {
        integrity: sha512-EdDDZu4A2OyIK7Lr/2zG+w5jmbuk1DVBnEwREQvBzspBJkCEbRa8GxU1lghYcaGJCnRWibjDXlq779X1/y5xwg==,
      }
    engines: { node: '>=8' }
    dev: false

  /indexes-of/1.0.1:
    resolution: { integrity: sha1-8w9xbI4r00bHtn0985FVZqfAVgc= }
    dev: false

  /inflight/1.0.6:
    resolution: { integrity: sha1-Sb1jMdfQLQwJvJEKEHW6gWW1bfk= }
    dependencies:
      once: 1.4.0
      wrappy: 1.0.2
    dev: false

  /inherits/2.0.4:
    resolution:
      {
        integrity: sha512-k/vGaX4/Yla3WzyMCvTQOXYeIHvqOKtnqBduzTHpzpQZzAskKMhZ2K+EnBiSM9zGSoIFeMpXKxa4dYeZIQqewQ==,
      }
    dev: false

  /ini/1.3.8:
    resolution:
      {
        integrity: sha512-JV/yugV2uzW5iMRSiZAyDtQd+nxtUnjeLt0acNdw98kKLrvuRVyB80tsREOE7yvGVgalhZ6RNXCmEHkUKBKxew==,
      }
    dev: false

  /inversify/5.1.1:
    resolution:
      {
        integrity: sha512-j8grHGDzv1v+8T1sAQ+3boTCntFPfvxLCkNcxB1J8qA0lUN+fAlSyYd+RXKvaPRL4AGyPxViutBEJHNXOyUdFQ==,
      }
    dev: true

  /is-stream/2.0.1:
    resolution:
      {
        integrity: sha512-hFoiJiTl63nn+kstHGBtewWSKnQLpyb155KHheA1l39uvtO9nWIop1p3udqPcUd/xbF1VLMO4n7OI6p7RbngDg==,
      }
    engines: { node: '>=8' }
    dev: true

  /isexe/2.0.0:
    resolution: { integrity: sha1-6PvzdNxVb/iUehDcsFctYz8s+hA= }
    dev: true

  /js-tokens/3.0.2:
    resolution: { integrity: sha1-mGbfOVECEw449/mWvOtlRDIJwls= }
    dev: false

  /json5/1.0.1:
    resolution:
      {
        integrity: sha512-aKS4WQjPenRxiQsC93MNfjx+nbF4PAdYzmd/1JIj8HYzqfbu86beTuNgXDzPknWk0n0uARlyewZo4s++ES36Ow==,
      }
    hasBin: true
    dependencies:
      minimist: 1.2.6
    dev: false

  /jsonfile/4.0.0:
    resolution: { integrity: sha1-h3Gq4HmbZAdrdmQPygWPnBDjPss= }
    optionalDependencies:
      graceful-fs: 4.2.10
    dev: false

  /jsonfile/6.1.0:
    resolution:
      {
        integrity: sha512-5dgndWOriYSm5cnYaJNhalLNDKOqFwyDB/rr1E9ZsGciGvKPs8R2xYGCacuf3z6K1YKDz182fd+fY3cn3pMqXQ==,
      }
    dependencies:
      universalify: 2.0.0
    optionalDependencies:
      graceful-fs: 4.2.10
    dev: false

  /jsonp-retry/1.0.3:
    resolution:
      {
        integrity: sha512-/jmE9+shtKP+oIt2AWO9Wx+C27NTGpLCEw4QHOqpoV2X6ta374HE9C+EEdgu8r3iLKgFMx7u5j0mCwxWN8UdlA==,
      }
    dependencies:
      object-assign: 4.1.1
    dev: true

  /kleur/3.0.3:
    resolution:
      {
        integrity: sha512-eTIzlVOSUR+JxdDFepEYcBMtZ9Qqdef+rnzWdRZuMbOywu5tO2w2N7rqjoANZ5k9vywhL6Br1VRjUIgTQx4E8w==,
      }
    engines: { node: '>=6' }
    dev: false

  /kleur/4.1.4:
    resolution:
      {
        integrity: sha512-8QADVssbrFjivHWQU7KkMgptGTl6WAcSdlbBPY4uNF+mWr6DGcKrvY2w4FQJoXch7+fKMjj0dRrL75vk3k23OA==,
      }
    engines: { node: '>=6' }
    dev: false

  /listify/1.0.3:
    resolution:
      {
        integrity: sha512-083swF7iH7bx8666zdzBColpgEuy46HjN3r1isD4zV6Ix7FuHfb/2/WVnl4CH8hjuoWeFF7P5KkKNXUnJCFEJg==,
      }
    engines: { node: '>= 0.4' }
    dev: false

  /loader-utils/1.4.0:
    resolution:
      {
        integrity: sha512-qH0WSMBtn/oHuwjy/NucEgbx5dbxxnxup9s4PVXJUDHZBQY+s0NWA9rJf53RBnQZxfch7euUui7hpoAPvALZdA==,
      }
    engines: { node: '>=4.0.0' }
    dependencies:
      big.js: 5.2.2
      emojis-list: 3.0.0
      json5: 1.0.1
    dev: false

  /locate-path/5.0.0:
    resolution:
      {
        integrity: sha512-t7hw9pI+WvuwNJXwk5zVHpyhIqzg2qTlklJOf0mVxGSbe3Fp2VieZcduNYjaLDoy6p9uGpQEGWG87WpMKlNq8g==,
      }
    engines: { node: '>=8' }
    dependencies:
      p-locate: 4.1.0

  /lodash-es/4.17.15:
    resolution:
      {
        integrity: sha512-rlrc3yU3+JNOpZ9zj5pQtxnx2THmvRykwL4Xlxoa8I9lHBlVbbyPhgyPMioxVZ4NqyxaVVtaJnzsyOidQIhyyQ==,
      }
    dev: true

  /lodash.camelcase/4.3.0:
    resolution: { integrity: sha1-soqmKIorn8ZRA1x3EfZathkDMaY= }
    dev: false

  /lodash/4.17.21:
    resolution:
      {
        integrity: sha512-v2kDEe57lecTulaDIuNTPy3Ry4gLGJ6Z1O3vE1krgXZNrsQ+LFTGHVxVjcXPs17LhbZVGedAJv8XZ1tvj5FvSg==,
      }
    dev: false

  /lru-cache/4.1.5:
    resolution:
      {
        integrity: sha512-sWZlbEP2OsHNkXrMl5GYk/jKk70MBng6UU4YI/qGDYbgf6YbP4EvmqISbXCoJiRKs+1bSpFHVgQxvJ17F2li5g==,
      }
    dependencies:
      pseudomap: 1.0.2
      yallist: 2.1.2
    dev: false

  /lru-cache/5.1.1:
    resolution:
      {
        integrity: sha512-KpNARQA3Iwv+jTA0utUVVbrh+Jlrr1Fv0e56GGzAFOXN7dk/FviaDW8LHmK52DlcH4WP2n6gI8vN1aesBFgo9w==,
      }
    dependencies:
      yallist: 3.1.1
    dev: false

  /lru-cache/6.0.0:
    resolution:
      {
        integrity: sha512-Jo6dJ04CmSjuznwJSS3pUeWmd/H0ffTlkXXgwZi+eq1UCmqQwCh+eLsYOYCwY991i2Fah4h1BEMCx4qThGbsiA==,
      }
    engines: { node: '>=10' }
    dependencies:
      yallist: 4.0.0
    dev: false

  /magic-string/0.25.7:
    resolution:
      {
        integrity: sha512-4CrMT5DOHTDk4HYDlzmwu4FVCcIYI8gauveasrdCu2IKIFOJ3f0v/8MDGJCDL9oD2ppz/Av1b0Nj345H9M+XIA==,
      }
    dependencies:
      sourcemap-codec: 1.4.8
    dev: false

  /merge-source-map/1.1.0:
    resolution:
      {
        integrity: sha512-Qkcp7P2ygktpMPh2mCQZaf3jhN6D3Z/qVZHSdWvQ+2Ef5HgRAPBO57A77+ENm0CPx2+1Ce/MYKi3ymqdfuqibw==,
      }
    dependencies:
      source-map: 0.6.1
    dev: false

  /merge-stream/2.0.0:
    resolution:
      {
        integrity: sha512-abv/qOcuPfk3URPfDzmZU1LKmuw8kT+0nIHvKrKgFrwifol/doWcdA4ZqsWQ8ENrFKkd67Mfpo/LovbIUsbt3w==,
      }
    dev: true

  /mimic-fn/2.1.0:
    resolution:
      {
        integrity: sha512-OqbOk5oEQeAZ8WXWydlu9HJjz9WVdEIvamMCcXmuqUYjTknH/sqsWvhQ3vgwKFRR1HpjvNBKQ37nbJgYzGqGcg==,
      }
    engines: { node: '>=6' }
    dev: true

  /minimatch/3.1.2:
    resolution:
      {
        integrity: sha512-J7p63hRiAjw1NDEww1W7i37+ByIrOWO5XQQAzZ3VOcL0PNybwpfmV/N05zFAzwQ9USyEcX6t3UO+K5aqBQOIHw==,
      }
    dependencies:
      brace-expansion: 1.1.11

  /minimist/1.2.6:
    resolution:
      {
        integrity: sha512-Jsjnk4bw3YJqYzbdyBiNsPWHPfO++UGG749Cxs6peCu5Xg4nrena6OVxOYxrQTqww0Jmwt+Ref8rggumkTLz9Q==,
      }
    dev: false

  /mobile-detect/1.4.5:
    resolution:
      {
        integrity: sha512-yc0LhH6tItlvfLBugVUEtgawwFU2sIe+cSdmRJJCTMZ5GEJyLxNyC/NIOAOGk67Fa8GNpOttO3Xz/1bHpXFD/g==,
      }
    dev: true

  /mri/1.2.0:
    resolution:
      {
        integrity: sha512-tzzskb3bG8LvYGFF/mDTpq3jpI6Q9wc3LEmBaghu+DdCssd1FakN7Bc0hVNmEyGq1bq3RgfkCb3cmQLpNPOroA==,
      }
    engines: { node: '>=4' }
    dev: true

  /mrm-core/6.1.7:
    resolution:
      {
        integrity: sha512-jLGWrkupcgGIsLerrI/xmM/dFHbaoehRsuVbgYBrxYKXNMRBHN3Mgkd8cw+/ZCCoiZEXF8/SaZol0GCp6oBQ9g==,
      }
    engines: { node: '>=10.13' }
    dependencies:
      babel-code-frame: 6.26.0
      comment-json: 2.4.2
      detect-indent: 6.1.0
      editorconfig: 0.15.3
      find-up: 4.1.0
      fs-extra: 8.1.0
      kleur: 3.0.3
      listify: 1.0.3
      lodash: 4.17.21
      minimist: 1.2.6
      prop-ini: 0.0.2
      rc: 1.2.8
      readme-badger: 0.3.0
      semver: 6.3.0
      smpltmpl: 1.0.2
      split-lines: 2.1.0
      strip-bom: 4.0.0
      validate-npm-package-name: 3.0.0
      webpack-merge: 4.2.2
      yaml: 2.0.1
    dev: false

  /multimatch/4.0.0:
    resolution:
      {
        integrity: sha512-lDmx79y1z6i7RNx0ZGCPq1bzJ6ZoDDKbvh7jxr9SJcWLkShMzXrHbYVpTdnhNM5MXpDUxCQ4DgqVttVXlBgiBQ==,
      }
    engines: { node: '>=8' }
    dependencies:
      '@types/minimatch': 3.0.5
      array-differ: 3.0.0
      array-union: 2.1.0
      arrify: 2.0.1
      minimatch: 3.1.2
    dev: true

  /nanoid/3.3.4:
    resolution:
      {
        integrity: sha512-MqBkQh/OHTS2egovRtLk45wEyNXwF+cokD+1YPf9u5VfJiRdAiRwB2froX5Co9Rh20xs4siNPm8naNotSD6RBw==,
      }
    engines: { node: ^10 || ^12 || ^13.7 || ^14 || >=15.0.1 }
    hasBin: true
    dev: false

  /npm-run-path/4.0.1:
    resolution:
      {
        integrity: sha512-S48WzZW777zhNIrn7gxOlISNAqi9ZC/uQFnRdbeIHhZhCA6UqpkOT8T1G7BvfdgP4Er8gF4sUbaS0i7QvIfCWw==,
      }
    engines: { node: '>=8' }
    dependencies:
      path-key: 3.1.1
    dev: true

  /object-assign/4.1.1:
    resolution: { integrity: sha1-IQmtx5ZYh8/AXLvUQsrIv7s2CGM= }
    engines: { node: '>=0.10.0' }
    dev: true

  /once/1.4.0:
    resolution: { integrity: sha1-WDsap3WWHUsROsF9nFC6753Xa9E= }
    dependencies:
      wrappy: 1.0.2

  /onetime/5.1.2:
    resolution:
      {
        integrity: sha512-kbpaSSGJTWdAY5KPVeMOKXSrPtr8C8C7wodJbcsd51jRnmD+GZu8Y0VoU6Dm5Z4vWr0Ig/1NKuWRKf7j5aaYSg==,
      }
    engines: { node: '>=6' }
    dependencies:
      mimic-fn: 2.1.0
    dev: true

  /p-limit/2.3.0:
    resolution:
      {
        integrity: sha512-//88mFWSJx8lxCzwdAABTJL2MyWB12+eIY7MDL2SqLmAkeKU9qxRvWuSyTjm3FUmpBEMuFfckAIqEaVGUDxb6w==,
      }
    engines: { node: '>=6' }
    dependencies:
      p-try: 2.2.0

  /p-locate/4.1.0:
    resolution:
      {
        integrity: sha512-R79ZZ/0wAxKGu3oYMlz8jy/kbhsNrS7SKZ7PxEHBgJ5+F2mtFW2fK2cOtBh1cHYkQsbzFV7I+EoRKe6Yt0oK7A==,
      }
    engines: { node: '>=8' }
    dependencies:
      p-limit: 2.3.0

  /p-try/2.2.0:
    resolution:
      {
        integrity: sha512-R4nPAVTAU0B9D35/Gk3uJf/7XYbQcyohSKdvAxIRSNghFl4e71hVoGnBNQz9cWaXxO2I10KTC+3jMdvvoKw6dQ==,
      }
    engines: { node: '>=6' }

  /path-exists/4.0.0:
    resolution:
      {
        integrity: sha512-ak9Qy5Q7jYb2Wwcey5Fpvg2KoAc/ZIhLSLOSBmRmygPsGwkVVt0fZa0qrtMz+m6tJTAHfZQ8FnmB4MG4LWy7/w==,
      }
    engines: { node: '>=8' }

  /path-is-absolute/1.0.1:
    resolution: { integrity: sha1-F0uSaHNVNP+8es5r9TpanhtcX18= }
    engines: { node: '>=0.10.0' }
    dev: false

  /path-key/3.1.1:
    resolution:
      {
        integrity: sha512-ojmeN0qd+y0jszEtoY48r0Peq5dwMEkIlCOu6Q5f41lfkswXuKtYrhgoTpLnyIcHm24Uhqx+5Tqm2InSwLhE6Q==,
      }
    engines: { node: '>=8' }
    dev: true

  /path-to-regexp/3.2.0:
    resolution:
      {
        integrity: sha512-jczvQbCUS7XmS7o+y1aEO9OBVFeZBQ1MDSEqmO7xSoPgOPoowY/SxLpZ6Vh97/8qHZOteiCKb7gkG9gA2ZUxJA==,
      }
    dev: true

  /postcss-modules-extract-imports/3.0.0_postcss@8.1.10:
    resolution:
      {
        integrity: sha512-bdHleFnP3kZ4NYDhuGlVK+CMrQ/pqUm8bx/oGL93K6gVwiclvX5x0n76fYMKuIGKzlABOy13zsvqjb0f92TEXw==,
      }
    engines: { node: ^10 || ^12 || >= 14 }
    peerDependencies:
      postcss: ^8.1.0
    dependencies:
      postcss: 8.1.10
    dev: false

  /postcss-modules-local-by-default/4.0.0_postcss@8.1.10:
    resolution:
      {
        integrity: sha512-sT7ihtmGSF9yhm6ggikHdV0hlziDTX7oFoXtuVWeDd3hHObNkcHRo9V3yg7vCAY7cONyxJC/XXCmmiHHcvX7bQ==,
      }
    engines: { node: ^10 || ^12 || >= 14 }
    peerDependencies:
      postcss: ^8.1.0
    dependencies:
      icss-utils: 5.1.0_postcss@8.1.10
      postcss: 8.1.10
      postcss-selector-parser: 6.0.4
      postcss-value-parser: 4.2.0
    dev: false

  /postcss-modules-scope/3.0.0_postcss@8.1.10:
    resolution:
      {
        integrity: sha512-hncihwFA2yPath8oZ15PZqvWGkWf+XUfQgUGamS4LqoP1anQLOsOJw0vr7J7IwLpoY9fatA2qiGUGmuZL0Iqlg==,
      }
    engines: { node: ^10 || ^12 || >= 14 }
    peerDependencies:
      postcss: ^8.1.0
    dependencies:
      postcss: 8.1.10
      postcss-selector-parser: 6.0.4
    dev: false

  /postcss-modules-values/4.0.0_postcss@8.1.10:
    resolution:
      {
        integrity: sha512-RDxHkAiEGI78gS2ofyvCsu7iycRv7oqw5xMWn9iMoR0N/7mf9D50ecQqUo5BZ9Zh2vH4bCUR/ktCqbB9m8vJjQ==,
      }
    engines: { node: ^10 || ^12 || >= 14 }
    peerDependencies:
      postcss: ^8.1.0
    dependencies:
      icss-utils: 5.1.0_postcss@8.1.10
      postcss: 8.1.10
    dev: false

  /postcss-modules/4.0.0_postcss@8.1.10:
    resolution:
      {
        integrity: sha512-ghS/ovDzDqARm4Zj6L2ntadjyQMoyJmi0JkLlYtH2QFLrvNlxH5OAVRPWPeKilB0pY7SbuhO173KOWkPAxRJcw==,
      }
    peerDependencies:
      postcss: ^8.0.0
    dependencies:
      generic-names: 2.0.1
      icss-replace-symbols: 1.1.0
      lodash.camelcase: 4.3.0
      postcss: 8.1.10
      postcss-modules-extract-imports: 3.0.0_postcss@8.1.10
      postcss-modules-local-by-default: 4.0.0_postcss@8.1.10
      postcss-modules-scope: 3.0.0_postcss@8.1.10
      postcss-modules-values: 4.0.0_postcss@8.1.10
      string-hash: 1.1.3
    dev: false

  /postcss-selector-parser/6.0.4:
    resolution:
      {
        integrity: sha512-gjMeXBempyInaBqpp8gODmwZ52WaYsVOsfr4L4lDQ7n3ncD6mEyySiDtgzCT+NYC0mmeOLvtsF8iaEf0YT6dBw==,
      }
    engines: { node: '>=4' }
    dependencies:
      cssesc: 3.0.0
      indexes-of: 1.0.1
      uniq: 1.0.1
      util-deprecate: 1.0.2
    dev: false

  /postcss-value-parser/4.2.0:
    resolution:
      {
        integrity: sha512-1NNCs6uurfkVbeXG4S8JFT9t19m45ICnif8zWLd5oPSZ50QnwMfK+H3jv408d4jw/7Bttv5axS5IiHoLaVNHeQ==,
      }
    dev: false

  /postcss/8.1.10:
    resolution:
      {
        integrity: sha512-iBXEV5VTTYaRRdxiFYzTtuv2lGMQBExqkZKSzkJe+Fl6rvQrA/49UVGKqB+LG54hpW/TtDBMGds8j33GFNW7pg==,
      }
    engines: { node: ^10 || ^12 || >=14 }
    dependencies:
      colorette: 1.4.0
      nanoid: 3.3.4
      source-map: 0.6.1
      vfile-location: 3.2.0
    dev: false

  /prettier/2.5.1:
    resolution:
      {
        integrity: sha512-vBZcPRUR5MZJwoyi3ZoyQlc1rXeEck8KgeC9AwwOn+exuxLxq5toTRDTSaVrXHxelDMHy9zlicw8u66yxoSUFg==,
      }
    engines: { node: '>=10.13.0' }
    hasBin: true
    dev: true

  /pretty-quick/3.1.3_prettier@2.5.1:
    resolution:
      {
        integrity: sha512-kOCi2FJabvuh1as9enxYmrnBC6tVMoVOenMaBqRfsvBHB0cbpYHjdQEpSglpASDFEXVwplpcGR4CLEaisYAFcA==,
      }
    engines: { node: '>=10.13' }
    hasBin: true
    peerDependencies:
      prettier: '>=2.0.0'
    dependencies:
      chalk: 3.0.0
      execa: 4.1.0
      find-up: 4.1.0
      ignore: 5.2.0
      mri: 1.2.0
      multimatch: 4.0.0
      prettier: 2.5.1
    dev: true

  /private/0.1.8:
    resolution:
      {
        integrity: sha512-VvivMrbvd2nKkiG38qjULzlc+4Vx4wm/whI9pQD35YrARNnhxeiRktSOhSukRLFNlzg6Br/cJPet5J/u19r/mg==,
      }
    engines: { node: '>= 0.6' }
    dev: false

  /prop-ini/0.0.2:
    resolution: { integrity: sha1-ZzOny1JCrKsr5C5gdYPYEksXKls= }
    dependencies:
      extend: 3.0.2
    dev: false

  /pseudomap/1.0.2:
    resolution: { integrity: sha1-8FKijacOYYkX7wqKw0wa5aaChrM= }
    dev: false

  /pump/3.0.0:
    resolution:
      {
        integrity: sha512-LwZy+p3SFs1Pytd/jYct4wpv49HiYCqd9Rlc5ZVdk0V+8Yzv6jR5Blk3TRmPL1ft69TxP0IMZGJ+WPFU2BFhww==,
      }
    dependencies:
      end-of-stream: 1.4.4
      once: 1.4.0
    dev: true

  /query-string/7.1.1:
    resolution:
      {
        integrity: sha512-MplouLRDHBZSG9z7fpuAAcI7aAYjDLhtsiVZsevsfaHWDS2IDdORKbSd1kWUA+V4zyva/HZoSfpwnYMMQDhb0w==,
      }
    engines: { node: '>=6' }
    dependencies:
      decode-uri-component: 0.2.0
      filter-obj: 1.1.0
      split-on-first: 1.1.0
      strict-uri-encode: 2.0.0
    dev: true

  /rc/1.2.8:
    resolution:
      {
        integrity: sha512-y3bGgqKj3QBdxLbLkomlohkvsA8gdAiUQlSBJnBhfn+BPxg4bc62d8TcBW15wavDfgexCgccckhcZvywyQYPOw==,
      }
    hasBin: true
    dependencies:
      deep-extend: 0.6.0
      ini: 1.3.8
      minimist: 1.2.6
      strip-json-comments: 2.0.1
    dev: false

  /react-is/16.13.1:
    resolution:
      {
        integrity: sha512-24e6ynE2H+OKt4kqsOvNd8kBpV65zoxbA4BVsEOB3ARVWQki/DHzaUoC5KuON/BiccDaCCTZBuOcfZs70kR8bQ==,
      }
    dev: true

  /readme-badger/0.3.0:
    resolution:
      {
        integrity: sha512-+sMOLSs1imZUISZ2Rhz7qqVd77QtpcAPbGeIraFdgJmijb04YtdlPjGNBvDChTNtLbeQ6JNGQy3pOgslWfaP3g==,
      }
    dependencies:
      balanced-match: 1.0.2
    dev: false

  /recast/0.18.10:
    resolution:
      {
        integrity: sha512-XNvYvkfdAN9QewbrxeTOjgINkdY/odTgTS56ZNEWL9Ml0weT4T3sFtvnTuF+Gxyu46ANcRm1ntrF6F5LAJPAaQ==,
      }
    engines: { node: '>= 4' }
    dependencies:
      ast-types: 0.13.3
      esprima: 4.0.1
      private: 0.1.8
      source-map: 0.6.1
    dev: false

  /reflect-metadata/0.1.13:
    resolution:
      {
        integrity: sha512-Ts1Y/anZELhSsjMcU605fU9RE4Oi3p5ORujwbIKXfWa+0Zxs510Qrmrce5/Jowq3cHSZSJqBjypxmHarc+vEWg==,
      }
    dev: true

  /regenerator-runtime/0.13.9:
    resolution:
      {
        integrity: sha512-p3VT+cOEgxFsRRA9X4lkI1E+k2/CtnKtU4gcxyaCUreilL/vqI6CdZ3wxVUx3UOUg+gnUOQQcRI7BmSI656MYA==,
      }
    dev: true

  /repeat-string/1.6.1:
    resolution: { integrity: sha1-jcrkcOHIirwtYA//Sndihtp15jc= }
    engines: { node: '>=0.10' }
    dev: false

  /semver/5.7.1:
    resolution:
      {
        integrity: sha512-sauaDf/PZdVgrLTNYHRtpXa1iRiKcaebiKQ1BJdpQlWH2lCvexQdX55snPFyK7QzpudqbCI0qXFfOasHdyNDGQ==,
      }
    hasBin: true
    dev: false

  /semver/6.3.0:
    resolution:
      {
        integrity: sha512-b39TBaTSfV6yBrapU89p5fKekE2m/NwnDocOVruQFS1/veMgdzuPcnOM34M6CwxW8jH/lxEa5rBoDeUwu5HHTw==,
      }
    hasBin: true
    dev: false

  /semver/7.3.7:
    resolution:
      {
        integrity: sha512-QlYTucUYOews+WeEujDoEGziz4K6c47V/Bd+LjSSYcA94p+DmINdf7ncaUinThfvZyu13lN9OY1XDxt8C0Tw0g==,
      }
    engines: { node: '>=10' }
    hasBin: true
    dependencies:
      lru-cache: 6.0.0
    dev: false

  /shebang-command/2.0.0:
    resolution:
      {
        integrity: sha512-kHxr2zZpYtdmrN1qDjrrX/Z1rR1kG8Dx+gkpK1G4eXmvXswmcE1hTWBWYUzlraYw1/yZp6YuDY77YtvbN0dmDA==,
      }
    engines: { node: '>=8' }
    dependencies:
      shebang-regex: 3.0.0
    dev: true

  /shebang-regex/3.0.0:
    resolution:
      {
        integrity: sha512-7++dFhtcx3353uBaq8DDR4NuxBetBzC7ZQOhmTQInHEd6bSrXdiEyzCvG07Z44UYdLShWUyXt5M/yhz8ekcb1A==,
      }
    engines: { node: '>=8' }
    dev: true

  /sigmund/1.0.1:
    resolution: { integrity: sha1-P/IfGYytIXX587eBhT/ZTQ0ZtZA= }
    dev: false

  /signal-exit/3.0.7:
    resolution:
      {
        integrity: sha512-wnD2ZE+l+SPC/uoS0vXeE9L1+0wuaMqKlfz9AMUo38JsyLSBWSFcHR1Rri62LZc12vLr1gb3jl7iwQhgwpAbGQ==,
      }
    dev: true

  /smpltmpl/1.0.2:
    resolution:
      {
        integrity: sha512-Hq23NNgeZigOzIiX1dkb6W3gFn2/XQj43KhPxu65IMieG/gIwf/lQb1IudjYv0c/5LwJeS/mPayYzyo+8WJMxQ==,
      }
    engines: { node: '>=4' }
    dependencies:
      babel-code-frame: 6.26.0
    dev: false

  /source-map/0.6.1:
    resolution:
      {
        integrity: sha512-UjgapumWlbMhkBgzT7Ykc5YXUT46F0iKu8SGXq0bcwP5dz/h0Plj6enJqjz1Zbq2l5WaqYnrVbwWOWMyF3F47g==,
      }
    engines: { node: '>=0.10.0' }
    dev: false

  /sourcemap-codec/1.4.8:
    resolution:
      {
        integrity: sha512-9NykojV5Uih4lgo5So5dtw+f0JgJX30KCNI8gwhz2J9A15wD0Ml6tjHKwf6fTSa6fAdVBdZeNOs9eJ71qCk8vA==,
      }
    dev: false

  /split-lines/2.1.0:
    resolution:
      {
        integrity: sha512-8dv+1zKgTpfTkOy8XZLFyWrfxO0NV/bj/3EaQ+hBrBxGv2DwiroljPjU8NlCr+59nLnsVm9WYT7lXKwe4TC6bw==,
      }
    engines: { node: '>=6' }
    dev: false

  /split-on-first/1.1.0:
    resolution:
      {
        integrity: sha512-43ZssAJaMusuKWL8sKUBQXHWOpq8d6CfN/u1p4gUzfJkM05C8rxTmYrkIPTXapZpORA6LkkzcUulJ8FqA7Uudw==,
      }
    engines: { node: '>=6' }
    dev: true

  /strict-uri-encode/2.0.0:
    resolution: { integrity: sha1-ucczDHBChi9rFC3CdLvMWGbONUY= }
    engines: { node: '>=4' }
    dev: true

  /string-hash/1.1.3:
    resolution: { integrity: sha1-6Kr8CsGFW0Zmkp7X3RJ1311sgRs= }
    dev: false

  /strip-ansi/3.0.1:
    resolution: { integrity: sha1-ajhfuIU9lS1f8F0Oiq+UJ43GPc8= }
    engines: { node: '>=0.10.0' }
    dependencies:
      ansi-regex: 2.1.1
    dev: false

  /strip-bom/4.0.0:
    resolution:
      {
        integrity: sha512-3xurFv5tEgii33Zi8Jtp55wEIILR9eh34FAW00PZf+JnSsTmV/ioewSgQl97JHvgjoRGwPShsWm+IdrxB35d0w==,
      }
    engines: { node: '>=8' }
    dev: false

  /strip-final-newline/2.0.0:
    resolution:
      {
        integrity: sha512-BrpvfNAE3dcvq7ll3xVumzjKjZQ5tI1sEUIKr3Uoks0XUl45St3FlatVqef9prk4jRDzhW6WZg+3bk93y6pLjA==,
      }
    engines: { node: '>=6' }
    dev: true

  /strip-json-comments/2.0.1:
    resolution: { integrity: sha1-PFMZQukIwml8DsNEhYwobHygpgo= }
    engines: { node: '>=0.10.0' }
    dev: false

  /supports-color/2.0.0:
    resolution: { integrity: sha1-U10EXOa2Nj+kARcIRimZXp3zJMc= }
    engines: { node: '>=0.8.0' }
    dev: false

  /supports-color/7.2.0:
    resolution:
      {
        integrity: sha512-qpCAvRl9stuOHveKsn7HncJRvv501qIacKzQlO/+Lwxc9+0q2wLyv4Dfvt80/DPn2pqOBsJdDiogXGR9+OvwRw==,
      }
    engines: { node: '>=8' }
    dependencies:
      has-flag: 4.0.0
    dev: true

  /to-fast-properties/2.0.0:
    resolution: { integrity: sha1-3F5pjL0HkmW8c+A3doGk5Og/YW4= }
    engines: { node: '>=4' }
    dev: false

  /typescript/4.6.4:
    resolution:
      {
        integrity: sha512-9ia/jWHIEbo49HfjrLGfKbZSuWo9iTMwXO+Ca3pRsSpbsMbc7/IU8NKdCZVRRBafVPGnoJeFL76ZOAA84I9fEg==,
      }
    engines: { node: '>=4.2.0' }
    hasBin: true
    dev: true

  /uniq/1.0.1:
    resolution: { integrity: sha1-sxxa6CVIRKOoKBVBzisEuGWnNP8= }
    dev: false

  /universal-router/8.3.0:
    resolution:
      {
        integrity: sha512-cBkihRoHvRQAjdUnDE1GGuuw/TPAIi8z2pEsSmUVAWLeZdgjHzzAb1+0VOO6NvBOvySItOTQikzaGlRxRdJBnA==,
      }
    dependencies:
      path-to-regexp: 3.2.0
    dev: true

  /universalify/0.1.2:
    resolution:
      {
        integrity: sha512-rBJeI5CXAlmy1pV+617WB9J63U6XcazHHF2f2dbJix4XzpUF0RS3Zbj0FGIOCAva5P/d/GBOYaACQ1w+0azUkg==,
      }
    engines: { node: '>= 4.0.0' }
    dev: false

  /universalify/2.0.0:
    resolution:
      {
        integrity: sha512-hAZsKq7Yy11Zu1DE0OzWjw7nnLZmJZYTDZZyEFHZdUhV8FkH5MCfoU1XMaxXovpyW5nq5scPqq0ZDP9Zyl04oQ==,
      }
    engines: { node: '>= 10.0.0' }
    dev: false

  /util-deprecate/1.0.2:
    resolution: { integrity: sha1-RQ1Nyfpw3nMnYvvS1KKJgUGaDM8= }
    dev: false

  /validate-npm-package-name/3.0.0:
    resolution: { integrity: sha1-X6kS2B630MdK/BQN5zF/DKffQ34= }
    dependencies:
      builtins: 1.0.3
    dev: false

  /vfile-location/3.2.0:
    resolution:
      {
        integrity: sha512-aLEIZKv/oxuCDZ8lkJGhuhztf/BW4M+iHdCwglA/eWc+vtuRFJj8EtgceYFX4LRjOhCAAiNHsKGssC6onJ+jbA==,
      }
    dev: false

  /vue3-browser-compiler-yx/1.0.4:
    resolution:
      {
        integrity: sha512-F42+9OGvZT83zOPCp0jycA76ZEozv7DTaYkVVGdpf+Syjh/S/8xj/GRnJ+P8/AkfpHoCOR2WAZupDJS6/qS4OQ==,
      }
    peerDependencies:
      vue: ^2.0.0||^3.0.0
    dependencies:
      '@babel/parser': 7.17.10
      '@babel/types': 7.17.10
      '@vue/compiler-core': 3.0.11
      '@vue/compiler-dom': 3.0.11
      '@vue/compiler-ssr': 3.0.11
      '@vue/shared': 3.0.11
      estree-walker: 2.0.2
      hash-sum: 2.0.0
      lru-cache: 5.1.1
      magic-string: 0.25.7
      merge-source-map: 1.1.0
      postcss: 8.1.10
      postcss-modules: 4.0.0_postcss@8.1.10
      postcss-selector-parser: 6.0.4
      source-map: 0.6.1
    dev: false

  /webpack-merge/4.2.2:
    resolution:
      {
        integrity: sha512-TUE1UGoTX2Cd42j3krGYqObZbOD+xF7u28WB7tfUordytSjbWTIjK/8V0amkBfTYN4/pB/GIDlJZZ657BGG19g==,
      }
    dependencies:
      lodash: 4.17.21
    dev: false

  /whatwg-fetch/3.6.2:
    resolution:
      {
        integrity: sha512-bJlen0FcuU/0EMLrdbJ7zOnW6ITZLrZMIarMUVmdKtsGvZna8vxKYaexICWPfZ8qwf9fzNq+UEIZrnSaApt6RA==,
      }
    dev: true

  /which/2.0.2:
    resolution:
      {
        integrity: sha512-BLI3Tl1TW3Pvl70l3yq3Y64i+awpwXqsGBYWkkqMtnbXgrMD+yj7rhW0kuEDxzJaYXGjEW5ogapKNMEKNMjibA==,
      }
    engines: { node: '>= 8' }
    hasBin: true
    dependencies:
      isexe: 2.0.0
    dev: true

  /wrappy/1.0.2:
    resolution: { integrity: sha1-tSQ9jz7BqjXxNkYFvA0QNuMKtp8= }

  /yallist/2.1.2:
    resolution: { integrity: sha1-HBH5IY8HYImkfdUS+TxmmaaoHVI= }
    dev: false

  /yallist/3.1.1:
    resolution:
      {
        integrity: sha512-a4UGQaWPH59mOXUYnAG2ewncQS4i4F43Tv3JoAM+s2VDAmS9NsK8GpDMLrCHPksFT7h3K6TOoUNn2pb7RoXx4g==,
      }
    dev: false

  /yallist/4.0.0:
    resolution:
      {
        integrity: sha512-3wdGidZyq5PB084XLES5TpOSRA3wjXAlIWMhum2kRcv/41Sn2emQ0dycQW4uZXLejwKvg6EsvbdlVL+FYEct7A==,
      }
    dev: false

  /yaml/2.0.1:
    resolution:
      {
        integrity: sha512-1NpAYQ3wjzIlMs0mgdBmYzLkFgWBIWrzYVDYfrixhoFNNgJ444/jT2kUT2sicRbJES3oQYRZugjB6Ro8SjKeFg==,
      }
    engines: { node: '>= 14' }
    dev: false
